
Microsoft Visual Studio Solution File, Format Version 12.00
# Visual Studio Version 17
VisualStudioVersion = 17.11.35327.3
MinimumVisualStudioVersion = 10.0.40219.1
Project("{FAE04EC0-301F-11D3-BF4B-00C04F79EFBC}") = "OOP_LabW8", "OOP_LabW8\OOP_LabW8.csproj", "{23E5A787-FBBB-461D-99C8-6BAD38A7893C}"
EndProject
Global
	GlobalSection(SolutionConfigurationPlatforms) = preSolution
		Debug|Any CPU = Debug|Any CPU
		Release|Any CPU = Release|Any CPU
	EndGlobalSection
	GlobalSection(ProjectConfigurationPlatforms) = postSolution
		{23E5A787-FBBB-461D-99C8-6BAD38A7893C}.Debug|Any CPU.ActiveCfg = Debug|Any CPU
		{23E5A787-FBBB-461D-99C8-6BAD38A7893C}.Debug|Any CPU.Build.0 = Debug|Any CPU
		{23E5A787-FBBB-461D-99C8-6BAD38A7893C}.Release|Any CPU.ActiveCfg = Release|Any CPU
		{23E5A787-FBBB-461D-99C8-6BAD38A7893C}.Release|Any CPU.Build.0 = Release|Any CPU
	EndGlobalSection
	GlobalSection(SolutionProperties) = preSolution
		HideSolutionNode = FALSE
	EndGlobalSection
	GlobalSection(ExtensibilityGlobals) = postSolution
		SolutionGuid = {6A4950D0-A0A0-46A8-B797-D776B7362D3A}
	EndGlobalSection
EndGlobal
