
Microsoft Visual Studio Solution File, Format Version 12.00
# Visual Studio Version 17
VisualStudioVersion = 17.11.35312.102
MinimumVisualStudioVersion = 10.0.40219.1
Project("{FAE04EC0-301F-11D3-BF4B-00C04F79EFBC}") = "OOP_Lab-W3", "OOP_Lab-W3\OOP_Lab-W3.csproj", "{5FF2C3E3-B8CD-45E6-B992-D279D3794E7A}"
EndProject
Global
	GlobalSection(SolutionConfigurationPlatforms) = preSolution
		Debug|Any CPU = Debug|Any CPU
		Release|Any CPU = Release|Any CPU
	EndGlobalSection
	GlobalSection(ProjectConfigurationPlatforms) = postSolution
		{5FF2C3E3-B8CD-45E6-B992-D279D3794E7A}.Debug|Any CPU.ActiveCfg = Debug|Any CPU
		{5FF2C3E3-B8CD-45E6-B992-D279D3794E7A}.Debug|Any CPU.Build.0 = Debug|Any CPU
		{5FF2C3E3-B8CD-45E6-B992-D279D3794E7A}.Release|Any CPU.ActiveCfg = Release|Any CPU
		{5FF2C3E3-B8CD-45E6-B992-D279D3794E7A}.Release|Any CPU.Build.0 = Release|Any CPU
	EndGlobalSection
	GlobalSection(SolutionProperties) = preSolution
		HideSolutionNode = FALSE
	EndGlobalSection
	GlobalSection(ExtensibilityGlobals) = postSolution
		SolutionGuid = {5823CEFD-26C5-4BF3-977A-19CC2A0E2B8C}
	EndGlobalSection
EndGlobal
