
Microsoft Visual Studio Solution File, Format Version 12.00
# Visual Studio Version 17
VisualStudioVersion = 17.11.35327.3
MinimumVisualStudioVersion = 10.0.40219.1
Project("{FAE04EC0-301F-11D3-BF4B-00C04F79EFBC}") = "BlazorHello", "BlazorHello\BlazorHello.csproj", "{F0504764-B419-43FB-ADB2-3ACCFA21F857}"
EndProject
Global
	GlobalSection(SolutionConfigurationPlatforms) = preSolution
		Debug|Any CPU = Debug|Any CPU
		Release|Any CPU = Release|Any CPU
	EndGlobalSection
	GlobalSection(ProjectConfigurationPlatforms) = postSolution
		{F0504764-B419-43FB-ADB2-3ACCFA21F857}.Debug|Any CPU.ActiveCfg = Debug|Any CPU
		{F0504764-B419-43FB-ADB2-3ACCFA21F857}.Debug|Any CPU.Build.0 = Debug|Any CPU
		{F0504764-B419-43FB-ADB2-3ACCFA21F857}.Release|Any CPU.ActiveCfg = Release|Any CPU
		{F0504764-B419-43FB-ADB2-3ACCFA21F857}.Release|Any CPU.Build.0 = Release|Any CPU
	EndGlobalSection
	GlobalSection(SolutionProperties) = preSolution
		HideSolutionNode = FALSE
	EndGlobalSection
	GlobalSection(ExtensibilityGlobals) = postSolution
		SolutionGuid = {91228A79-B9BA-44B9-8200-4960804BE384}
	EndGlobalSection
EndGlobal
