
Microsoft Visual Studio Solution File, Format Version 12.00
# Visual Studio Version 17
VisualStudioVersion = 17.11.35312.102
MinimumVisualStudioVersion = 10.0.40219.1
Project("{FAE04EC0-301F-11D3-BF4B-00C04F79EFBC}") = "OOP LabW5", "OOP LabW5\OOP LabW5.csproj", "{C33E9B63-5EDD-4C5C-91DC-2E28887B07AA}"
EndProject
Global
	GlobalSection(SolutionConfigurationPlatforms) = preSolution
		Debug|Any CPU = Debug|Any CPU
		Release|Any CPU = Release|Any CPU
	EndGlobalSection
	GlobalSection(ProjectConfigurationPlatforms) = postSolution
		{C33E9B63-5EDD-4C5C-91DC-2E28887B07AA}.Debug|Any CPU.ActiveCfg = Debug|Any CPU
		{C33E9B63-5EDD-4C5C-91DC-2E28887B07AA}.Debug|Any CPU.Build.0 = Debug|Any CPU
		{C33E9B63-5EDD-4C5C-91DC-2E28887B07AA}.Release|Any CPU.ActiveCfg = Release|Any CPU
		{C33E9B63-5EDD-4C5C-91DC-2E28887B07AA}.Release|Any CPU.Build.0 = Release|Any CPU
	EndGlobalSection
	GlobalSection(SolutionProperties) = preSolution
		HideSolutionNode = FALSE
	EndGlobalSection
	GlobalSection(ExtensibilityGlobals) = postSolution
		SolutionGuid = {6F31A6A1-F21E-4267-B9E0-D060B6B0DB27}
	EndGlobalSection
EndGlobal
