
Microsoft Visual Studio Solution File, Format Version 12.00
# Visual Studio Version 17
VisualStudioVersion = 17.11.35312.102
MinimumVisualStudioVersion = 10.0.40219.1
Project("{FAE04EC0-301F-11D3-BF4B-00C04F79EFBC}") = "EmployeeManagementSystem", "EmployeeManagementSystem\EmployeeManagementSystem.csproj", "{2BDEB0A9-B178-4C7F-A2AB-676B97543AB3}"
EndProject
Global
	GlobalSection(SolutionConfigurationPlatforms) = preSolution
		Debug|Any CPU = Debug|Any CPU
		Release|Any CPU = Release|Any CPU
	EndGlobalSection
	GlobalSection(ProjectConfigurationPlatforms) = postSolution
		{2BDEB0A9-B178-4C7F-A2AB-676B97543AB3}.Debug|Any CPU.ActiveCfg = Debug|Any CPU
		{2BDEB0A9-B178-4C7F-A2AB-676B97543AB3}.Debug|Any CPU.Build.0 = Debug|Any CPU
		{2BDEB0A9-B178-4C7F-A2AB-676B97543AB3}.Release|Any CPU.ActiveCfg = Release|Any CPU
		{2BDEB0A9-B178-4C7F-A2AB-676B97543AB3}.Release|Any CPU.Build.0 = Release|Any CPU
	EndGlobalSection
	GlobalSection(SolutionProperties) = preSolution
		HideSolutionNode = FALSE
	EndGlobalSection
	GlobalSection(ExtensibilityGlobals) = postSolution
		SolutionGuid = {EA6B88EB-2DFC-4150-A28C-0BA677877A61}
	EndGlobalSection
EndGlobal
