
Microsoft Visual Studio Solution File, Format Version 12.00
# Visual Studio Version 17
VisualStudioVersion = 17.11.35312.102
MinimumVisualStudioVersion = 10.0.40219.1
Project("{FAE04EC0-301F-11D3-BF4B-00C04F79EFBC}") = "OOP LabW4", "OOP LabW4\OOP LabW4.csproj", "{52B1A2C9-9C1A-4541-92EF-F63025AB0D05}"
EndProject
Global
	GlobalSection(SolutionConfigurationPlatforms) = preSolution
		Debug|Any CPU = Debug|Any CPU
		Release|Any CPU = Release|Any CPU
	EndGlobalSection
	GlobalSection(ProjectConfigurationPlatforms) = postSolution
		{52B1A2C9-9C1A-4541-92EF-F63025AB0D05}.Debug|Any CPU.ActiveCfg = Debug|Any CPU
		{52B1A2C9-9C1A-4541-92EF-F63025AB0D05}.Debug|Any CPU.Build.0 = Debug|Any CPU
		{52B1A2C9-9C1A-4541-92EF-F63025AB0D05}.Release|Any CPU.ActiveCfg = Release|Any CPU
		{52B1A2C9-9C1A-4541-92EF-F63025AB0D05}.Release|Any CPU.Build.0 = Release|Any CPU
	EndGlobalSection
	GlobalSection(SolutionProperties) = preSolution
		HideSolutionNode = FALSE
	EndGlobalSection
	GlobalSection(ExtensibilityGlobals) = postSolution
		SolutionGuid = {D1D477F6-D58B-4DFF-84BF-D5C68501CA3A}
	EndGlobalSection
EndGlobal
