
Microsoft Visual Studio Solution File, Format Version 12.00
# Visual Studio Version 17
VisualStudioVersion = 17.13.35806.99 d17.13
MinimumVisualStudioVersion = 10.0.40219.1
Project("{FAE04EC0-301F-11D3-BF4B-00C04F79EFBC}") = "ADS_LabW6-StackLinkedList", "ADS_LabW6-StackLinkedList\ADS_LabW6-StackLinkedList.csproj", "{4B577322-249A-4E9F-BB71-ADB279E301AA}"
EndProject
Global
	GlobalSection(SolutionConfigurationPlatforms) = preSolution
		Debug|Any CPU = Debug|Any CPU
		Release|Any CPU = Release|Any CPU
	EndGlobalSection
	GlobalSection(ProjectConfigurationPlatforms) = postSolution
		{4B577322-249A-4E9F-BB71-ADB279E301AA}.Debug|Any CPU.ActiveCfg = Debug|Any CPU
		{4B577322-249A-4E9F-BB71-ADB279E301AA}.Debug|Any CPU.Build.0 = Debug|Any CPU
		{4B577322-249A-4E9F-BB71-ADB279E301AA}.Release|Any CPU.ActiveCfg = Release|Any CPU
		{4B577322-249A-4E9F-BB71-ADB279E301AA}.Release|Any CPU.Build.0 = Release|Any CPU
	EndGlobalSection
	GlobalSection(SolutionProperties) = preSolution
		HideSolutionNode = FALSE
	EndGlobalSection
	GlobalSection(ExtensibilityGlobals) = postSolution
		SolutionGuid = {5D701A9E-04E5-462D-83E4-50B51F2A933B}
	EndGlobalSection
EndGlobal
